{
  "version": "2",
  "remote": {
    "https://deno.land/std@0.150.0/_util/assert.ts": "e94f2eb37cebd7f199952e242c77654e43333c1ac4c5c700e929ea3aa5489f74",
    "https://deno.land/std@0.150.0/_util/os.ts": "3b4c6e27febd119d36a416d7a97bd3b0251b77c88942c8f16ee5953ea13e2e49",
    "https://deno.land/std@0.150.0/media_types/_util.ts": "ce9b4fc4ba1c447dafab619055e20fd88236ca6bdd7834a21f98bd193c3fbfa1",
    "https://deno.land/std@0.150.0/media_types/mod.ts": "2d4b6f32a087029272dc59e0a55ae3cc4d1b27b794ccf528e94b1925795b3118",
    "https://deno.land/std@0.150.0/media_types/vendor/mime-db.v1.52.0.ts": "724cee25fa40f1a52d3937d6b4fbbfdd7791ff55e1b7ac08d9319d5632c7f5af",
    "https://deno.land/std@0.150.0/path/_constants.ts": "df1db3ffa6dd6d1252cc9617e5d72165cd2483df90e93833e13580687b6083c3",
    "https://deno.land/std@0.150.0/path/_interface.ts": "ee3b431a336b80cf445441109d089b70d87d5e248f4f90ff906820889ecf8d09",
    "https://deno.land/std@0.150.0/path/_util.ts": "c1e9686d0164e29f7d880b2158971d805b6e0efc3110d0b3e24e4b8af2190d2b",
    "https://deno.land/std@0.150.0/path/common.ts": "bee563630abd2d97f99d83c96c2fa0cca7cee103e8cb4e7699ec4d5db7bd2633",
    "https://deno.land/std@0.150.0/path/glob.ts": "cb5255638de1048973c3e69e420c77dc04f75755524cb3b2e160fe9277d939ee",
    "https://deno.land/std@0.150.0/path/mod.ts": "4945b430b759b0b3d98f2a278542cbcf95e0ad2bd8eaaed3c67322b306b2b346",
    "https://deno.land/std@0.150.0/path/posix.ts": "c1f7afe274290ea0b51da07ee205653b2964bd74909a82deb07b69a6cc383aaa",
    "https://deno.land/std@0.150.0/path/separator.ts": "fe1816cb765a8068afb3e8f13ad272351c85cbc739af56dacfc7d93d710fe0f9",
    "https://deno.land/std@0.150.0/path/win32.ts": "bd7549042e37879c68ff2f8576a25950abbfca1d696d41d82c7bca0b7e6f452c",
    "https://deno.land/std@0.156.0/async/abortable.ts": "87aa7230be8360c24ad437212311c9e8d4328854baec27b4c7abb26e85515c06",
    "https://deno.land/std@0.156.0/async/deadline.ts": "48ac998d7564969f3e6ec6b6f9bf0217ebd00239b1b2292feba61272d5dd58d0",
    "https://deno.land/std@0.156.0/async/debounce.ts": "de5433bff08a2bb61416fc53b3bd2d5867090c8a815465e5b4a10a77495b1051",
    "https://deno.land/std@0.156.0/async/deferred.ts": "c01de44b9192359cebd3fe93273fcebf9e95110bf3360023917da9a2d1489fae",
    "https://deno.land/std@0.156.0/async/delay.ts": "0419dfc993752849692d1f9647edf13407c7facc3509b099381be99ffbc9d699",
    "https://deno.land/std@0.156.0/async/mod.ts": "dd0a8ed4f3984ffabe2fcca7c9f466b7932d57b1864ffee148a5d5388316db6b",
    "https://deno.land/std@0.156.0/async/mux_async_iterator.ts": "3447b28a2a582224a3d4d3596bccbba6e85040da3b97ed64012f7decce98d093",
    "https://deno.land/std@0.156.0/async/pool.ts": "ef9eb97b388543acbf0ac32647121e4dbe629236899586c4d4311a8770fbb239",
    "https://deno.land/std@0.156.0/async/tee.ts": "d27680d911816fcb3d231e16d690e7588079e66a9b2e5ce8cc354db94fdce95f",
    "https://deno.land/std@0.156.0/http/server.ts": "c1bce1cbf4060055f622d5c3f0e406fd553e5dca111ca836d28c6268f170ebeb",
    "https://deno.land/x/emoji@0.1.2/all.ts": "f308ed6af940c3df7436a80dc8d016c3dcc16c3890a12724cf7e043a9e489a29",
    "https://deno.land/x/emoji@0.1.2/emoji.ts": "e6aa205846a805bca29466d82d24476c9e8aecbee0e477b845d332786c2b1770",
    "https://deno.land/x/emoji@0.1.2/mod.ts": "e466029cda15415de960c53797b739e3034d9e56774895b34a534e054e6f4076",
    "https://deno.land/x/emoji@0.1.2/unicode.ts": "ac8079e8e1da66ae9e601c1fdd0e7641120c2b07ca7bd2875e65fe23e16e6199",
    "https://deno.land/x/nano_jsx@v0.0.33/component.ts": "a9526ac725336e8721c05f7b35e07105ec6ed0fcf2e81ae97f0724cc33e61fae",
    "https://deno.land/x/nano_jsx@v0.0.33/components/helmet.ts": "59e598dc79c7b18620de175c61eb26f4aeb6905a6654cd63359208a26471541e",
    "https://deno.land/x/nano_jsx@v0.0.33/components/img.ts": "82a9f830394a7d6cd9b789b48fe1e70bc64eb151c4b410a3da74347c06acdae0",
    "https://deno.land/x/nano_jsx@v0.0.33/components/index.ts": "8855ee8302a9a19f38202d4a7ff5b17e22942600da02356bdfbc80c99c5c55f5",
    "https://deno.land/x/nano_jsx@v0.0.33/components/link.ts": "0f0b1c57dc8c466203105062335e0d9ded89a34e75d08b1bbeece198d42021cb",
    "https://deno.land/x/nano_jsx@v0.0.33/components/router.ts": "1feb8b6881641a18a3bdd937089b3f5a7b9f36948f8178a85acde7e4c9294a6d",
    "https://deno.land/x/nano_jsx@v0.0.33/components/suspense.ts": "0711b7cdcd42b0b085972eca796d3ba7c436a736e1d2ce17db7e0cd1d3b928f5",
    "https://deno.land/x/nano_jsx@v0.0.33/components/visible.ts": "f19487f7faff0bad38a5549f1efac1df351e83ee4a77ca5886412b439f4b6b53",
    "https://deno.land/x/nano_jsx@v0.0.33/context.ts": "a65018beedf3e1863b96f9d99cf2d471c231a6ae0c77877a77754a398105f9fc",
    "https://deno.land/x/nano_jsx@v0.0.33/core.ts": "51db6604ae0e7abb0d61ed39eb74c2daa58da7ac05fbe1299659f5332e4ea3b0",
    "https://deno.land/x/nano_jsx@v0.0.33/customElementsMode.ts": "f5446d3c3afe803a7f97a3434d3970e662f5d0635db79b0e4010e2972ff66a6e",
    "https://deno.land/x/nano_jsx@v0.0.33/fragment.ts": "9cfb0dcdcb02d5cc53f027b4b55609e4f9d6d9322b665292e572856f4b688569",
    "https://deno.land/x/nano_jsx@v0.0.33/helpers.ts": "d904aa646534f1c0cf7c05a6c8e02231f906d962acb725c964aedbcf50216d85",
    "https://deno.land/x/nano_jsx@v0.0.33/htm.ts": "d8d9cd4fb4ad4645bff3698c7eb96e7798022c5519d04e709ebde236edde156b",
    "https://deno.land/x/nano_jsx@v0.0.33/htm/build.ts": "9d6b6eb407c0db2d1213a3f9c82efc66a2bec34c89976132ff13e3e095dcaaaf",
    "https://deno.land/x/nano_jsx@v0.0.33/htm/constants.ts": "3f296f87f03bd0ba8d7673884a1f6c4c927a2774648eaa4fd3ca9e3c46c3f7b8",
    "https://deno.land/x/nano_jsx@v0.0.33/htm/index.ts": "29912b9f7a760884fce79caca82649b9772cfa3c3272e0426a4ce377b67d70d5",
    "https://deno.land/x/nano_jsx@v0.0.33/index.ts": "0f39c911a39c61cb39f9bd8a2481500126dcb1b2a826d5b4523dd47a08b6938d",
    "https://deno.land/x/nano_jsx@v0.0.33/jsx.ts": "7d5b4d4a249fba1a42f2016f54f71ca049d96ff490e098db4a19b2a9b197b952",
    "https://deno.land/x/nano_jsx@v0.0.33/lazy.ts": "f8b8a2b915daff1fb70704ffad5171c805f1e28778b5cd0f8c827780762776c4",
    "https://deno.land/x/nano_jsx@v0.0.33/mod.ts": "3dda2bc0dbee9abd01c03acf43ab55a7854952afe0450245fc2ad12eb9bd9598",
    "https://deno.land/x/nano_jsx@v0.0.33/regexDom.ts": "de82fd3110c5a367e3d4ba9b774cfef3baf995deff455edc7363551d79089c90",
    "https://deno.land/x/nano_jsx@v0.0.33/ssr.ts": "8f77228a7ed13990deba0c1a69d7d3f2902c837b62d24f5b7a019f84c96ad234",
    "https://deno.land/x/nano_jsx@v0.0.33/state.ts": "cfc6ca6eb5e65f4cd60717a0a96ce604053bacf6e0b8835afbe22327e9979a1b",
    "https://deno.land/x/nano_jsx@v0.0.33/store.ts": "653e8c53d6ed4e410c76b1a7a044aa7cc71ff00fb3af9f3a94253591b5f4dcea",
    "https://deno.land/x/nano_jsx@v0.0.33/types.d.ts": "071dba8935df5b9b97e9e7eab9901c39c53c49cadcd3e9126b5c5eeb1d8c3b52",
    "https://deno.land/x/nano_jsx@v0.0.33/version.ts": "34a9b38ce9b7022432f5f4c387d89e9501252879d51291e4235904153b9f52bf",
    "https://deno.land/x/nano_jsx@v0.0.33/withStyles.ts": "8aae4c8e79319fe991d49dd8ccc927c221786dfe58de640dba9d9885ce0dd4b7",
    "https://ga.jspm.io/npm:dayjs@1.11.6/dayjs.min.js": "acac1182efc2557739c9ee5ef583c3427ba632ecd43856efd1617db92fac949f",
    "https://ga.jspm.io/npm:dayjs@1.11.6/plugin/relativeTime.js": "e2bb3eb4f0beeb1eff53fd4ca20047cd055cc286066e566c0cdd41f876133d66",
    "https://ga.jspm.io/npm:he@1.2.0/he.js": "b34161ac2938f972efc777c1d208816c61d5709218b347170a2ca9889abda740",
    "https://ga.jspm.io/npm:marked@4.2.2/lib/marked.esm.js": "444fd7499a7c335544abedcaed2ce65645ebebb37955d59aef723ac76d2ee3d9",
    "https://ga.jspm.io/npm:prismjs@1.29.0/components/prism-bash.js": "f20d6706606329ae51c13c864514e7aa5fd32b2274ed152c9c47f597016a3893",
    "https://ga.jspm.io/npm:prismjs@1.29.0/components/prism-json.js": "bd1b96161f1bb6b52fcd50b30c38a2a94f0b88d870480ec751a528d0860217c9",
    "https://ga.jspm.io/npm:prismjs@1.29.0/components/prism-jsx.js": "772ba0df89cc416453163fdc23d48af64ee1fca4464ebce5181ae74b4e8ee80e",
    "https://ga.jspm.io/npm:prismjs@1.29.0/components/prism-markup.js": "6a045419793fe289f4421c13b19c74c04bc88d04681744e2af5988ba804c31ec",
    "https://ga.jspm.io/npm:prismjs@1.29.0/components/prism-shell-session.js": "8412d85f4c8807d065bc620acf2315251e89a0fddd9e66298fbff5b095b54467",
    "https://ga.jspm.io/npm:prismjs@1.29.0/components/prism-tsx.js": "d03fb661f1f1c9e615af573431c8a125a5398975b9d210f6f86bdc193709c758",
    "https://ga.jspm.io/npm:prismjs@1.29.0/components/prism-typescript.js": "a442e655dc94b69b1c34da1fba28df33265706fa8ce5d9e247270c983ecaeca2",
    "https://ga.jspm.io/npm:prismjs@1.29.0/prism.js": "7432faaa1427b59e084f5601ef6273ea9094a0e4bd188793c1785f56f031ae40",
    "https://ga.jspm.io/npm:sver@1.8.3/sver.js": "8afd394d85a0a8b4f80605e0b8200d987e688413862509ab1942ce4ef27879b5"
  }
}
